
Microsoft Visual Studio Solution File, Format Version 12.00
# Visual Studio Version 17
VisualStudioVersion = 17.14.37314.3 d17.14
MinimumVisualStudioVersion = 10.0.40219.1
Project("{FAE04EC0-301F-11D3-BF4B-00C04F79EFBC}") = "FileStorageService", "FileStorageService\FileStorageService.csproj", "{864D77ED-A0FF-49B0-9F3A-D5AC57253AE9}"
EndProject
Global
	GlobalSection(SolutionConfigurationPlatforms) = preSolution
		Debug|Any CPU = Debug|Any CPU
		Release|Any CPU = Release|Any CPU
	EndGlobalSection
	GlobalSection(ProjectConfigurationPlatforms) = postSolution
		{864D77ED-A0FF-49B0-9F3A-D5AC57253AE9}.Debug|Any CPU.ActiveCfg = Debug|Any CPU
		{864D77ED-A0FF-49B0-9F3A-D5AC57253AE9}.Debug|Any CPU.Build.0 = Debug|Any CPU
		{864D77ED-A0FF-49B0-9F3A-D5AC57253AE9}.Release|Any CPU.ActiveCfg = Release|Any CPU
		{864D77ED-A0FF-49B0-9F3A-D5AC57253AE9}.Release|Any CPU.Build.0 = Release|Any CPU
	EndGlobalSection
	GlobalSection(SolutionProperties) = preSolution
		HideSolutionNode = FALSE
	EndGlobalSection
	GlobalSection(ExtensibilityGlobals) = postSolution
		SolutionGuid = {84D7DFB8-4B40-48D7-BC15-3937DFAEA0FC}
	EndGlobalSection
EndGlobal
